// !$*UTF8*$!
{
	archiveVersion = 1;
	classes = {
	};
	objectVersion = 48;
	objects = {

/* Begin PBXBuildFile section */
		3DD578110529B22711F84603 /* libPods-TableViewTests.a in Frameworks */ = {isa = PBXBuildFile; fileRef = 35D4087CB8D08424E8AFC16E /* libPods-TableViewTests.a */; };
		81CDA2BA20149CB7002A6E88 /* AppDelegate.m in Sources */ = {isa = PBXBuildFile; fileRef = 81CDA2B920149CB7002A6E88 /* AppDelegate.m */; };
		81CDA2BD20149CB7002A6E88 /* ViewController.m in Sources */ = {isa = PBXBuildFile; fileRef = 81CDA2BC20149CB7002A6E88 /* ViewController.m */; };
		81CDA2C020149CB7002A6E88 /* Main.storyboard in Resources */ = {isa = PBXBuildFile; fileRef = 81CDA2BE20149CB7002A6E88 /* Main.storyboard */; };
		81CDA2C220149CB7002A6E88 /* Assets.xcassets in Resources */ = {isa = PBXBuildFile; fileRef = 81CDA2C120149CB7002A6E88 /* Assets.xcassets */; };
		81CDA2C520149CB7002A6E88 /* LaunchScreen.storyboard in Resources */ = {isa = PBXBuildFile; fileRef = 81CDA2C320149CB7002A6E88 /* LaunchScreen.storyboard */; };
		81CDA2C820149CB7002A6E88 /* main.m in Sources */ = {isa = PBXBuildFile; fileRef = 81CDA2C720149CB7002A6E88 /* main.m */; };
		81CDA2D220149CB7002A6E88 /* TableViewTests.m in Sources */ = {isa = PBXBuildFile; fileRef = 81CDA2D120149CB7002A6E88 /* TableViewTests.m */; };
		81CDA2DD20149CB7002A6E88 /* TableViewUITests.m in Sources */ = {isa = PBXBuildFile; fileRef = 81CDA2DC20149CB7002A6E88 /* TableViewUITests.m */; };
		89DA81E99BB682FB5320B8A1 /* libPods-TableViewUITests.a in Frameworks */ = {isa = PBXBuildFile; fileRef = AD14306AF4EF7E54F147BDF0 /* libPods-TableViewUITests.a */; };
		D73A94E7140EEA290E15E63F /* libPods-TableView.a in Frameworks */ = {isa = PBXBuildFile; fileRef = 3E65412554388EBE737F30C0 /* libPods-TableView.a */; };
/* End PBXBuildFile section */

/* Begin PBXContainerItemProxy section */
		81CDA2CE20149CB7002A6E88 /* PBXContainerItemProxy */ = {
			isa = PBXContainerItemProxy;
			containerPortal = 81CDA2AD20149CB7002A6E88 /* Project object */;
			proxyType = 1;
			remoteGlobalIDString = 81CDA2B420149CB7002A6E88;
			remoteInfo = TableView;
		};
		81CDA2D920149CB7002A6E88 /* PBXContainerItemProxy */ = {
			isa = PBXContainerItemProxy;
			containerPortal = 81CDA2AD20149CB7002A6E88 /* Project object */;
			proxyType = 1;
			remoteGlobalIDString = 81CDA2B420149CB7002A6E88;
			remoteInfo = TableView;
		};
/* End PBXContainerItemProxy section */

/* Begin PBXCopyFilesBuildPhase section */
		81CDA2EB201750C6002A6E88 /* CopyFiles */ = {
			isa = PBXCopyFilesBuildPhase;
			buildActionMask = 2147483647;
			dstPath = "";
			dstSubfolderSpec = 7;
			files = (
			);
			runOnlyForDeploymentPostprocessing = 0;
		};
/* End PBXCopyFilesBuildPhase section */

/* Begin PBXFileReference section */
		2BA4240DEB8E76E86949EEF5 /* Pods-TableViewTests.release.xcconfig */ = {isa = PBXFileReference; includeInIndex = 1; lastKnownFileType = text.xcconfig; name = "Pods-TableViewTests.release.xcconfig"; path = "Pods/Target Support Files/Pods-TableViewTests/Pods-TableViewTests.release.xcconfig"; sourceTree = "<group>"; };
		35D4087CB8D08424E8AFC16E /* libPods-TableViewTests.a */ = {isa = PBXFileReference; explicitFileType = archive.ar; includeInIndex = 0; path = "libPods-TableViewTests.a"; sourceTree = BUILT_PRODUCTS_DIR; };
		3E65412554388EBE737F30C0 /* libPods-TableView.a */ = {isa = PBXFileReference; explicitFileType = archive.ar; includeInIndex = 0; path = "libPods-TableView.a"; sourceTree = BUILT_PRODUCTS_DIR; };
		81CDA2B520149CB7002A6E88 /* TableView.app */ = {isa = PBXFileReference; explicitFileType = wrapper.application; includeInIndex = 0; path = TableView.app; sourceTree = BUILT_PRODUCTS_DIR; };
		81CDA2B820149CB7002A6E88 /* AppDelegate.h */ = {isa = PBXFileReference; lastKnownFileType = sourcecode.c.h; path = AppDelegate.h; sourceTree = "<group>"; };
		81CDA2B920149CB7002A6E88 /* AppDelegate.m */ = {isa = PBXFileReference; lastKnownFileType = sourcecode.c.objc; path = AppDelegate.m; sourceTree = "<group>"; };
		81CDA2BB20149CB7002A6E88 /* ViewController.h */ = {isa = PBXFileReference; lastKnownFileType = sourcecode.c.h; path = ViewController.h; sourceTree = "<group>"; };
		81CDA2BC20149CB7002A6E88 /* ViewController.m */ = {isa = PBXFileReference; lastKnownFileType = sourcecode.c.objc; path = ViewController.m; sourceTree = "<group>"; };
		81CDA2BF20149CB7002A6E88 /* Base */ = {isa = PBXFileReference; lastKnownFileType = file.storyboard; name = Base; path = Base.lproj/Main.storyboard; sourceTree = "<group>"; };
		81CDA2C120149CB7002A6E88 /* Assets.xcassets */ = {isa = PBXFileReference; lastKnownFileType = folder.assetcatalog; path = Assets.xcassets; sourceTree = "<group>"; };
		81CDA2C420149CB7002A6E88 /* Base */ = {isa = PBXFileReference; lastKnownFileType = file.storyboard; name = Base; path = Base.lproj/LaunchScreen.storyboard; sourceTree = "<group>"; };
		81CDA2C620149CB7002A6E88 /* Info.plist */ = {isa = PBXFileReference; lastKnownFileType = text.plist.xml; path = Info.plist; sourceTree = "<group>"; };
		81CDA2C720149CB7002A6E88 /* main.m */ = {isa = PBXFileReference; lastKnownFileType = sourcecode.c.objc; path = main.m; sourceTree = "<group>"; };
		81CDA2CD20149CB7002A6E88 /* TableViewTests.xctest */ = {isa = PBXFileReference; explicitFileType = wrapper.cfbundle; includeInIndex = 0; path = TableViewTests.xctest; sourceTree = BUILT_PRODUCTS_DIR; };
		81CDA2D120149CB7002A6E88 /* TableViewTests.m */ = {isa = PBXFileReference; lastKnownFileType = sourcecode.c.objc; path = TableViewTests.m; sourceTree = "<group>"; };
		81CDA2D320149CB7002A6E88 /* Info.plist */ = {isa = PBXFileReference; lastKnownFileType = text.plist.xml; path = Info.plist; sourceTree = "<group>"; };
		81CDA2D820149CB7002A6E88 /* TableViewUITests.xctest */ = {isa = PBXFileReference; explicitFileType = wrapper.cfbundle; includeInIndex = 0; path = TableViewUITests.xctest; sourceTree = BUILT_PRODUCTS_DIR; };
		81CDA2DC20149CB7002A6E88 /* TableViewUITests.m */ = {isa = PBXFileReference; lastKnownFileType = sourcecode.c.objc; path = TableViewUITests.m; sourceTree = "<group>"; };
		81CDA2DE20149CB7002A6E88 /* Info.plist */ = {isa = PBXFileReference; lastKnownFileType = text.plist.xml; path = Info.plist; sourceTree = "<group>"; };
		A5C8BF6F0D403D1FC6DEECF8 /* Pods-TableViewUITests.debug.xcconfig */ = {isa = PBXFileReference; includeInIndex = 1; lastKnownFileType = text.xcconfig; name = "Pods-TableViewUITests.debug.xcconfig"; path = "Pods/Target Support Files/Pods-TableViewUITests/Pods-TableViewUITests.debug.xcconfig"; sourceTree = "<group>"; };
		ACAEF0BB7C4F2E58735B8A0E /* Pods-TableView.release.xcconfig */ = {isa = PBXFileReference; includeInIndex = 1; lastKnownFileType = text.xcconfig; name = "Pods-TableView.release.xcconfig"; path = "Pods/Target Support Files/Pods-TableView/Pods-TableView.release.xcconfig"; sourceTree = "<group>"; };
		AD14306AF4EF7E54F147BDF0 /* libPods-TableViewUITests.a */ = {isa = PBXFileReference; explicitFileType = archive.ar; includeInIndex = 0; path = "libPods-TableViewUITests.a"; sourceTree = BUILT_PRODUCTS_DIR; };
		B49895BB177341F6DBD143C8 /* Pods-TableViewTests.debug.xcconfig */ = {isa = PBXFileReference; includeInIndex = 1; lastKnownFileType = text.xcconfig; name = "Pods-TableViewTests.debug.xcconfig"; path = "Pods/Target Support Files/Pods-TableViewTests/Pods-TableViewTests.debug.xcconfig"; sourceTree = "<group>"; };
		B934907A9C92264FE3B78DE3 /* Pods-TableViewUITests.release.xcconfig */ = {isa = PBXFileReference; includeInIndex = 1; lastKnownFileType = text.xcconfig; name = "Pods-TableViewUITests.release.xcconfig"; path = "Pods/Target Support Files/Pods-TableViewUITests/Pods-TableViewUITests.release.xcconfig"; sourceTree = "<group>"; };
		EC8BF398414DF22E9C34D2E2 /* Pods-TableView.debug.xcconfig */ = {isa = PBXFileReference; includeInIndex = 1; lastKnownFileType = text.xcconfig; name = "Pods-TableView.debug.xcconfig"; path = "Pods/Target Support Files/Pods-TableView/Pods-TableView.debug.xcconfig"; sourceTree = "<group>"; };
/* End PBXFileReference section */

/* Begin PBXFrameworksBuildPhase section */
		81CDA2B220149CB7002A6E88 /* Frameworks */ = {
			isa = PBXFrameworksBuildPhase;
			buildActionMask = 2147483647;
			files = (
				D73A94E7140EEA290E15E63F /* libPods-TableView.a in Frameworks */,
			);
			runOnlyForDeploymentPostprocessing = 0;
		};
		81CDA2CA20149CB7002A6E88 /* Frameworks */ = {
			isa = PBXFrameworksBuildPhase;
			buildActionMask = 2147483647;
			files = (
				3DD578110529B22711F84603 /* libPods-TableViewTests.a in Frameworks */,
			);
			runOnlyForDeploymentPostprocessing = 0;
		};
		81CDA2D520149CB7002A6E88 /* Frameworks */ = {
			isa = PBXFrameworksBuildPhase;
			buildActionMask = 2147483647;
			files = (
				89DA81E99BB682FB5320B8A1 /* libPods-TableViewUITests.a in Frameworks */,
			);
			runOnlyForDeploymentPostprocessing = 0;
		};
/* End PBXFrameworksBuildPhase section */

/* Begin PBXGroup section */
		4339CFD399BC3E83ACCB719E /* Pods */ = {
			isa = PBXGroup;
			children = (
				EC8BF398414DF22E9C34D2E2 /* Pods-TableView.debug.xcconfig */,
				ACAEF0BB7C4F2E58735B8A0E /* Pods-TableView.release.xcconfig */,
				B49895BB177341F6DBD143C8 /* Pods-TableViewTests.debug.xcconfig */,
				2BA4240DEB8E76E86949EEF5 /* Pods-TableViewTests.release.xcconfig */,
				A5C8BF6F0D403D1FC6DEECF8 /* Pods-TableViewUITests.debug.xcconfig */,
				B934907A9C92264FE3B78DE3 /* Pods-TableViewUITests.release.xcconfig */,
			);
			name = Pods;
			sourceTree = "<group>";
		};
		657929DC333ED30D2807D347 /* Frameworks */ = {
			isa = PBXGroup;
			children = (
				3E65412554388EBE737F30C0 /* libPods-TableView.a */,
				35D4087CB8D08424E8AFC16E /* libPods-TableViewTests.a */,
				AD14306AF4EF7E54F147BDF0 /* libPods-TableViewUITests.a */,
			);
			name = Frameworks;
			sourceTree = "<group>";
		};
		81CDA2AC20149CB7002A6E88 = {
			isa = PBXGroup;
			children = (
				81CDA2B720149CB7002A6E88 /* TableView */,
				81CDA2D020149CB7002A6E88 /* TableViewTests */,
				81CDA2DB20149CB7002A6E88 /* TableViewUITests */,
				81CDA2B620149CB7002A6E88 /* Products */,
				4339CFD399BC3E83ACCB719E /* Pods */,
				657929DC333ED30D2807D347 /* Frameworks */,
			);
			sourceTree = "<group>";
		};
		81CDA2B620149CB7002A6E88 /* Products */ = {
			isa = PBXGroup;
			children = (
				81CDA2B520149CB7002A6E88 /* TableView.app */,
				81CDA2CD20149CB7002A6E88 /* TableViewTests.xctest */,
				81CDA2D820149CB7002A6E88 /* TableViewUITests.xctest */,
			);
			name = Products;
			sourceTree = "<group>";
		};
		81CDA2B720149CB7002A6E88 /* TableView */ = {
			isa = PBXGroup;
			children = (
				81CDA2B820149CB7002A6E88 /* AppDelegate.h */,
				81CDA2B920149CB7002A6E88 /* AppDelegate.m */,
				81CDA2BB20149CB7002A6E88 /* ViewController.h */,
				81CDA2BC20149CB7002A6E88 /* ViewController.m */,
				81CDA2BE20149CB7002A6E88 /* Main.storyboard */,
				81CDA2C120149CB7002A6E88 /* Assets.xcassets */,
				81CDA2C320149CB7002A6E88 /* LaunchScreen.storyboard */,
				81CDA2C620149CB7002A6E88 /* Info.plist */,
				81CDA2C720149CB7002A6E88 /* main.m */,
			);
			path = TableView;
			sourceTree = "<group>";
		};
		81CDA2D020149CB7002A6E88 /* TableViewTests */ = {
			isa = PBXGroup;
			children = (
				81CDA2D120149CB7002A6E88 /* TableViewTests.m */,
				81CDA2D320149CB7002A6E88 /* Info.plist */,
			);
			path = TableViewTests;
			sourceTree = "<group>";
		};
		81CDA2DB20149CB7002A6E88 /* TableViewUITests */ = {
			isa = PBXGroup;
			children = (
				81CDA2DC20149CB7002A6E88 /* TableViewUITests.m */,
				81CDA2DE20149CB7002A6E88 /* Info.plist */,
			);
			path = TableViewUITests;
			sourceTree = "<group>";
		};
/* End PBXGroup section */

/* Begin PBXNativeTarget section */
		81CDA2B420149CB7002A6E88 /* TableView */ = {
			isa = PBXNativeTarget;
			buildConfigurationList = 81CDA2E120149CB7002A6E88 /* Build configuration list for PBXNativeTarget "TableView" */;
			buildPhases = (
				A835A60FDDE0C738F415D12C /* [CP] Check Pods Manifest.lock */,
				81CDA2B120149CB7002A6E88 /* Sources */,
				81CDA2B220149CB7002A6E88 /* Frameworks */,
				81CDA2B320149CB7002A6E88 /* Resources */,
				81CDA2EB201750C6002A6E88 /* CopyFiles */,
				81CDA2EC201750C9002A6E88 /* ShellScript */,
				15730E680423E05F58BB4E22 /* [CP] Embed Pods Frameworks */,
				AE17146D70249B483D24368C /* [CP] Copy Pods Resources */,
			);
			buildRules = (
			);
			dependencies = (
			);
			name = TableView;
			productName = TableView;
			productReference = 81CDA2B520149CB7002A6E88 /* TableView.app */;
			productType = "com.apple.product-type.application";
		};
		81CDA2CC20149CB7002A6E88 /* TableViewTests */ = {
			isa = PBXNativeTarget;
			buildConfigurationList = 81CDA2E420149CB7002A6E88 /* Build configuration list for PBXNativeTarget "TableViewTests" */;
			buildPhases = (
				9E6F14A7FCBF142C23FEB479 /* [CP] Check Pods Manifest.lock */,
				81CDA2C920149CB7002A6E88 /* Sources */,
				81CDA2CA20149CB7002A6E88 /* Frameworks */,
				81CDA2CB20149CB7002A6E88 /* Resources */,
				2597834522CBECB6344323F8 /* [CP] Embed Pods Frameworks */,
				ADFEE246E643EB034C55A33F /* [CP] Copy Pods Resources */,
			);
			buildRules = (
			);
			dependencies = (
				81CDA2CF20149CB7002A6E88 /* PBXTargetDependency */,
			);
			name = TableViewTests;
			productName = TableViewTests;
			productReference = 81CDA2CD20149CB7002A6E88 /* TableViewTests.xctest */;
			productType = "com.apple.product-type.bundle.unit-test";
		};
		81CDA2D720149CB7002A6E88 /* TableViewUITests */ = {
			isa = PBXNativeTarget;
			buildConfigurationList = 81CDA2E720149CB7002A6E88 /* Build configuration list for PBXNativeTarget "TableViewUITests" */;
			buildPhases = (
				2694AACCDD91D6FFE8B521BF /* [CP] Check Pods Manifest.lock */,
				81CDA2D420149CB7002A6E88 /* Sources */,
				81CDA2D520149CB7002A6E88 /* Frameworks */,
				81CDA2D620149CB7002A6E88 /* Resources */,
				286EED5F5BF7571928B07B01 /* [CP] Embed Pods Frameworks */,
				690A2F97C0A282455964069F /* [CP] Copy Pods Resources */,
			);
			buildRules = (
			);
			dependencies = (
				81CDA2DA20149CB7002A6E88 /* PBXTargetDependency */,
			);
			name = TableViewUITests;
			productName = TableViewUITests;
			productReference = 81CDA2D820149CB7002A6E88 /* TableViewUITests.xctest */;
			productType = "com.apple.product-type.bundle.ui-testing";
		};
/* End PBXNativeTarget section */

/* Begin PBXProject section */
		81CDA2AD20149CB7002A6E88 /* Project object */ = {
			isa = PBXProject;
			attributes = {
				LastUpgradeCheck = 0920;
				ORGANIZATIONNAME = ios;
				TargetAttributes = {
					81CDA2B420149CB7002A6E88 = {
						CreatedOnToolsVersion = 9.2;
						ProvisioningStyle = Manual;
					};
					81CDA2CC20149CB7002A6E88 = {
						CreatedOnToolsVersion = 9.2;
						ProvisioningStyle = Automatic;
						TestTargetID = 81CDA2B420149CB7002A6E88;
					};
					81CDA2D720149CB7002A6E88 = {
						CreatedOnToolsVersion = 9.2;
						ProvisioningStyle = Automatic;
						TestTargetID = 81CDA2B420149CB7002A6E88;
					};
				};
			};
			buildConfigurationList = 81CDA2B020149CB7002A6E88 /* Build configuration list for PBXProject "TableView" */;
			compatibilityVersion = "Xcode 8.0";
			developmentRegion = en;
			hasScannedForEncodings = 0;
			knownRegions = (
				en,
				Base,
			);
			mainGroup = 81CDA2AC20149CB7002A6E88;
			productRefGroup = 81CDA2B620149CB7002A6E88 /* Products */;
			projectDirPath = "";
			projectRoot = "";
			targets = (
				81CDA2B420149CB7002A6E88 /* TableView */,
				81CDA2CC20149CB7002A6E88 /* TableViewTests */,
				81CDA2D720149CB7002A6E88 /* TableViewUITests */,
			);
		};
/* End PBXProject section */

/* Begin PBXResourcesBuildPhase section */
		81CDA2B320149CB7002A6E88 /* Resources */ = {
			isa = PBXResourcesBuildPhase;
			buildActionMask = 2147483647;
			files = (
				81CDA2C520149CB7002A6E88 /* LaunchScreen.storyboard in Resources */,
				81CDA2C220149CB7002A6E88 /* Assets.xcassets in Resources */,
				81CDA2C020149CB7002A6E88 /* Main.storyboard in Resources */,
			);
			runOnlyForDeploymentPostprocessing = 0;
		};
		81CDA2CB20149CB7002A6E88 /* Resources */ = {
			isa = PBXResourcesBuildPhase;
			buildActionMask = 2147483647;
			files = (
			);
			runOnlyForDeploymentPostprocessing = 0;
		};
		81CDA2D620149CB7002A6E88 /* Resources */ = {
			isa = PBXResourcesBuildPhase;
			buildActionMask = 2147483647;
			files = (
			);
			runOnlyForDeploymentPostprocessing = 0;
		};
/* End PBXResourcesBuildPhase section */

/* Begin PBXShellScriptBuildPhase section */
		15730E680423E05F58BB4E22 /* [CP] Embed Pods Frameworks */ = {
			isa = PBXShellScriptBuildPhase;
			buildActionMask = 2147483647;
			files = (
			);
			inputPaths = (
			);
			name = "[CP] Embed Pods Frameworks";
			outputPaths = (
			);
			runOnlyForDeploymentPostprocessing = 0;
			shellPath = /bin/sh;
			shellScript = "\"${SRCROOT}/Pods/Target Support Files/Pods-TableView/Pods-TableView-frameworks.sh\"\n";
			showEnvVarsInLog = 0;
		};
		2597834522CBECB6344323F8 /* [CP] Embed Pods Frameworks */ = {
			isa = PBXShellScriptBuildPhase;
			buildActionMask = 2147483647;
			files = (
			);
			inputPaths = (
			);
			name = "[CP] Embed Pods Frameworks";
			outputPaths = (
			);
			runOnlyForDeploymentPostprocessing = 0;
			shellPath = /bin/sh;
			shellScript = "\"${SRCROOT}/Pods/Target Support Files/Pods-TableViewTests/Pods-TableViewTests-frameworks.sh\"\n";
			showEnvVarsInLog = 0;
		};
		2694AACCDD91D6FFE8B521BF /* [CP] Check Pods Manifest.lock */ = {
			isa = PBXShellScriptBuildPhase;
			buildActionMask = 2147483647;
			files = (
			);
			inputPaths = (
				"${PODS_PODFILE_DIR_PATH}/Podfile.lock",
				"${PODS_ROOT}/Manifest.lock",
			);
			name = "[CP] Check Pods Manifest.lock";
			outputPaths = (
				"$(DERIVED_FILE_DIR)/Pods-TableViewUITests-checkManifestLockResult.txt",
			);
			runOnlyForDeploymentPostprocessing = 0;
			shellPath = /bin/sh;
			shellScript = "diff \"${PODS_PODFILE_DIR_PATH}/Podfile.lock\" \"${PODS_ROOT}/Manifest.lock\" > /dev/null\nif [ $? != 0 ] ; then\n    # print error to STDERR\n    echo \"error: The sandbox is not in sync with the Podfile.lock. Run 'pod install' or update your CocoaPods installation.\" >&2\n    exit 1\nfi\n# This output is used by Xcode 'outputs' to avoid re-running this script phase.\necho \"SUCCESS\" > \"${SCRIPT_OUTPUT_FILE_0}\"\n";
			showEnvVarsInLog = 0;
		};
		286EED5F5BF7571928B07B01 /* [CP] Embed Pods Frameworks */ = {
			isa = PBXShellScriptBuildPhase;
			buildActionMask = 2147483647;
			files = (
			);
			inputPaths = (
			);
			name = "[CP] Embed Pods Frameworks";
			outputPaths = (
			);
			runOnlyForDeploymentPostprocessing = 0;
			shellPath = /bin/sh;
			shellScript = "\"${SRCROOT}/Pods/Target Support Files/Pods-TableViewUITests/Pods-TableViewUITests-frameworks.sh\"\n";
			showEnvVarsInLog = 0;
		};
		690A2F97C0A282455964069F /* [CP] Copy Pods Resources */ = {
			isa = PBXShellScriptBuildPhase;
			buildActionMask = 2147483647;
			files = (
			);
			inputPaths = (
			);
			name = "[CP] Copy Pods Resources";
			outputPaths = (
			);
			runOnlyForDeploymentPostprocessing = 0;
			shellPath = /bin/sh;
			shellScript = "\"${SRCROOT}/Pods/Target Support Files/Pods-TableViewUITests/Pods-TableViewUITests-resources.sh\"\n";
			showEnvVarsInLog = 0;
		};
		81CDA2EC201750C9002A6E88 /* ShellScript */ = {
			isa = PBXShellScriptBuildPhase;
			buildActionMask = 12;
			files = (
			);
			inputPaths = (
			);
			outputPaths = (
			);
			runOnlyForDeploymentPostprocessing = 0;
			shellPath = /bin/sh;
			shellScript = "
";
		};
		9E6F14A7FCBF142C23FEB479 /* [CP] Check Pods Manifest.lock */ = {
			isa = PBXShellScriptBuildPhase;
			buildActionMask = 2147483647;
			files = (
			);
			inputPaths = (
				"${PODS_PODFILE_DIR_PATH}/Podfile.lock",
				"${PODS_ROOT}/Manifest.lock",
			);
			name = "[CP] Check Pods Manifest.lock";
			outputPaths = (
				"$(DERIVED_FILE_DIR)/Pods-TableViewTests-checkManifestLockResult.txt",
			);
			runOnlyForDeploymentPostprocessing = 0;
			shellPath = /bin/sh;
			shellScript = "diff \"${PODS_PODFILE_DIR_PATH}/Podfile.lock\" \"${PODS_ROOT}/Manifest.lock\" > /dev/null\nif [ $? != 0 ] ; then\n    # print error to STDERR\n    echo \"error: The sandbox is not in sync with the Podfile.lock. Run 'pod install' or update your CocoaPods installation.\" >&2\n    exit 1\nfi\n# This output is used by Xcode 'outputs' to avoid re-running this script phase.\necho \"SUCCESS\" > \"${SCRIPT_OUTPUT_FILE_0}\"\n";
			showEnvVarsInLog = 0;
		};
		A835A60FDDE0C738F415D12C /* [CP] Check Pods Manifest.lock */ = {
			isa = PBXShellScriptBuildPhase;
			buildActionMask = 2147483647;
			files = (
			);
			inputPaths = (
				"${PODS_PODFILE_DIR_PATH}/Podfile.lock",
				"${PODS_ROOT}/Manifest.lock",
			);
			name = "[CP] Check Pods Manifest.lock";
			outputPaths = (
				"$(DERIVED_FILE_DIR)/Pods-TableView-checkManifestLockResult.txt",
			);
			runOnlyForDeploymentPostprocessing = 0;
			shellPath = /bin/sh;
			shellScript = "diff \"${PODS_PODFILE_DIR_PATH}/Podfile.lock\" \"${PODS_ROOT}/Manifest.lock\" > /dev/null\nif [ $? != 0 ] ; then\n    # print error to STDERR\n    echo \"error: The sandbox is not in sync with the Podfile.lock. Run 'pod install' or update your CocoaPods installation.\" >&2\n    exit 1\nfi\n# This output is used by Xcode 'outputs' to avoid re-running this script phase.\necho \"SUCCESS\" > \"${SCRIPT_OUTPUT_FILE_0}\"\n";
			showEnvVarsInLog = 0;
		};
		ADFEE246E643EB034C55A33F /* [CP] Copy Pods Resources */ = {
			isa = PBXShellScriptBuildPhase;
			buildActionMask = 2147483647;
			files = (
			);
			inputPaths = (
			);
			name = "[CP] Copy Pods Resources";
			outputPaths = (
			);
			runOnlyForDeploymentPostprocessing = 0;
			shellPath = /bin/sh;
			shellScript = "\"${SRCROOT}/Pods/Target Support Files/Pods-TableViewTests/Pods-TableViewTests-resources.sh\"\n";
			showEnvVarsInLog = 0;
		};
		AE17146D70249B483D24368C /* [CP] Copy Pods Resources */ = {
			isa = PBXShellScriptBuildPhase;
			buildActionMask = 2147483647;
			files = (
			);
			inputPaths = (
			);
			name = "[CP] Copy Pods Resources";
			outputPaths = (
			);
			runOnlyForDeploymentPostprocessing = 0;
			shellPath = /bin/sh;
			shellScript = "\"${SRCROOT}/Pods/Target Support Files/Pods-TableView/Pods-TableView-resources.sh\"\n";
			showEnvVarsInLog = 0;
		};
/* End PBXShellScriptBuildPhase section */

/* Begin PBXSourcesBuildPhase section */
		81CDA2B120149CB7002A6E88 /* Sources */ = {
			isa = PBXSourcesBuildPhase;
			buildActionMask = 2147483647;
			files = (
				81CDA2BD20149CB7002A6E88 /* ViewController.m in Sources */,
				81CDA2C820149CB7002A6E88 /* main.m in Sources */,
				81CDA2BA20149CB7002A6E88 /* AppDelegate.m in Sources */,
			);
			runOnlyForDeploymentPostprocessing = 0;
		};
		81CDA2C920149CB7002A6E88 /* Sources */ = {
			isa = PBXSourcesBuildPhase;
			buildActionMask = 2147483647;
			files = (
				81CDA2D220149CB7002A6E88 /* TableViewTests.m in Sources */,
			);
			runOnlyForDeploymentPostprocessing = 0;
		};
		81CDA2D420149CB7002A6E88 /* Sources */ = {
			isa = PBXSourcesBuildPhase;
			buildActionMask = 2147483647;
			files = (
				81CDA2DD20149CB7002A6E88 /* TableViewUITests.m in Sources */,
			);
			runOnlyForDeploymentPostprocessing = 0;
		};
/* End PBXSourcesBuildPhase section */

/* Begin PBXTargetDependency section */
		81CDA2CF20149CB7002A6E88 /* PBXTargetDependency */ = {
			isa = PBXTargetDependency;
			target = 81CDA2B420149CB7002A6E88 /* TableView */;
			targetProxy = 81CDA2CE20149CB7002A6E88 /* PBXContainerItemProxy */;
		};
		81CDA2DA20149CB7002A6E88 /* PBXTargetDependency */ = {
			isa = PBXTargetDependency;
			target = 81CDA2B420149CB7002A6E88 /* TableView */;
			targetProxy = 81CDA2D920149CB7002A6E88 /* PBXContainerItemProxy */;
		};
/* End PBXTargetDependency section */

/* Begin PBXVariantGroup section */
		81CDA2BE20149CB7002A6E88 /* Main.storyboard */ = {
			isa = PBXVariantGroup;
			children = (
				81CDA2BF20149CB7002A6E88 /* Base */,
			);
			name = Main.storyboard;
			sourceTree = "<group>";
		};
		81CDA2C320149CB7002A6E88 /* LaunchScreen.storyboard */ = {
			isa = PBXVariantGroup;
			children = (
				81CDA2C420149CB7002A6E88 /* Base */,
			);
			name = LaunchScreen.storyboard;
			sourceTree = "<group>";
		};
/* End PBXVariantGroup section */

/* Begin XCBuildConfiguration section */
		81CDA2DF20149CB7002A6E88 /* Debug */ = {
			isa = XCBuildConfiguration;
			buildSettings = {
				ALWAYS_SEARCH_USER_PATHS = NO;
				CLANG_ANALYZER_NONNULL = YES;
				CLANG_ANALYZER_NUMBER_OBJECT_CONVERSION = YES_AGGRESSIVE;
				CLANG_CXX_LANGUAGE_STANDARD = "gnu++14";
				CLANG_CXX_LIBRARY = "libc++";
				CLANG_ENABLE_MODULES = YES;
				CLANG_ENABLE_OBJC_ARC = YES;
				CLANG_WARN_BLOCK_CAPTURE_AUTORELEASING = YES;
				CLANG_WARN_BOOL_CONVERSION = YES;
				CLANG_WARN_COMMA = YES;
				CLANG_WARN_CONSTANT_CONVERSION = YES;
				CLANG_WARN_DIRECT_OBJC_ISA_USAGE = YES_ERROR;
				CLANG_WARN_DOCUMENTATION_COMMENTS = YES;
				CLANG_WARN_EMPTY_BODY = YES;
				CLANG_WARN_ENUM_CONVERSION = YES;
				CLANG_WARN_INFINITE_RECURSION = YES;
				CLANG_WARN_INT_CONVERSION = YES;
				CLANG_WARN_NON_LITERAL_NULL_CONVERSION = YES;
				CLANG_WARN_OBJC_LITERAL_CONVERSION = YES;
				CLANG_WARN_OBJC_ROOT_CLASS = YES_ERROR;
				CLANG_WARN_RANGE_LOOP_ANALYSIS = YES;
				CLANG_WARN_STRICT_PROTOTYPES = YES;
				CLANG_WARN_SUSPICIOUS_MOVE = YES;
				CLANG_WARN_UNGUARDED_AVAILABILITY = YES_AGGRESSIVE;
				CLANG_WARN_UNREACHABLE_CODE = YES;
				CLANG_WARN__DUPLICATE_METHOD_MATCH = YES;
				CODE_SIGN_IDENTITY = "iPhone Developer";
				COPY_PHASE_STRIP = NO;
				DEBUG_INFORMATION_FORMAT = dwarf;
				ENABLE_STRICT_OBJC_MSGSEND = YES;
				ENABLE_TESTABILITY = YES;
				GCC_C_LANGUAGE_STANDARD = gnu11;
				GCC_DYNAMIC_NO_PIC = NO;
				GCC_NO_COMMON_BLOCKS = YES;
				GCC_OPTIMIZATION_LEVEL = 0;
				GCC_PREPROCESSOR_DEFINITIONS = (
					"DEBUG=1",
					"$(inherited)",
				);
				GCC_WARN_64_TO_32_BIT_CONVERSION = YES;
				GCC_WARN_ABOUT_RETURN_TYPE = YES_ERROR;
				GCC_WARN_UNDECLARED_SELECTOR = YES;
				GCC_WARN_UNINITIALIZED_AUTOS = YES_AGGRESSIVE;
				GCC_WARN_UNUSED_FUNCTION = YES;
				GCC_WARN_UNUSED_VARIABLE = YES;
				IPHONEOS_DEPLOYMENT_TARGET = 11.2;
				MTL_ENABLE_DEBUG_INFO = YES;
				ONLY_ACTIVE_ARCH = YES;
				SDKROOT = iphoneos;
			};
			name = Debug;
		};
		81CDA2E020149CB7002A6E88 /* Release */ = {
			isa = XCBuildConfiguration;
			buildSettings = {
				ALWAYS_SEARCH_USER_PATHS = NO;
				CLANG_ANALYZER_NONNULL = YES;
				CLANG_ANALYZER_NUMBER_OBJECT_CONVERSION = YES_AGGRESSIVE;
				CLANG_CXX_LANGUAGE_STANDARD = "gnu++14";
				CLANG_CXX_LIBRARY = "libc++";
				CLANG_ENABLE_MODULES = YES;
				CLANG_ENABLE_OBJC_ARC = YES;
				CLANG_WARN_BLOCK_CAPTURE_AUTORELEASING = YES;
				CLANG_WARN_BOOL_CONVERSION = YES;
				CLANG_WARN_COMMA = YES;
				CLANG_WARN_CONSTANT_CONVERSION = YES;
				CLANG_WARN_DIRECT_OBJC_ISA_USAGE = YES_ERROR;
				CLANG_WARN_DOCUMENTATION_COMMENTS = YES;
				CLANG_WARN_EMPTY_BODY = YES;
				CLANG_WARN_ENUM_CONVERSION = YES;
				CLANG_WARN_INFINITE_RECURSION = YES;
				CLANG_WARN_INT_CONVERSION = YES;
				CLANG_WARN_NON_LITERAL_NULL_CONVERSION = YES;
				CLANG_WARN_OBJC_LITERAL_CONVERSION = YES;
				CLANG_WARN_OBJC_ROOT_CLASS = YES_ERROR;
				CLANG_WARN_RANGE_LOOP_ANALYSIS = YES;
				CLANG_WARN_STRICT_PROTOTYPES = YES;
				CLANG_WARN_SUSPICIOUS_MOVE = YES;
				CLANG_WARN_UNGUARDED_AVAILABILITY = YES_AGGRESSIVE;
				CLANG_WARN_UNREACHABLE_CODE = YES;
				CLANG_WARN__DUPLICATE_METHOD_MATCH = YES;
				CODE_SIGN_IDENTITY = "iPhone Developer";
				COPY_PHASE_STRIP = NO;
				DEBUG_INFORMATION_FORMAT = "dwarf-with-dsym";
				ENABLE_NS_ASSERTIONS = NO;
				ENABLE_STRICT_OBJC_MSGSEND = YES;
				GCC_C_LANGUAGE_STANDARD = gnu11;
				GCC_NO_COMMON_BLOCKS = YES;
				GCC_WARN_64_TO_32_BIT_CONVERSION = YES;
				GCC_WARN_ABOUT_RETURN_TYPE = YES_ERROR;
				GCC_WARN_UNDECLARED_SELECTOR = YES;
				GCC_WARN_UNINITIALIZED_AUTOS = YES_AGGRESSIVE;
				GCC_WARN_UNUSED_FUNCTION = YES;
				GCC_WARN_UNUSED_VARIABLE = YES;
				IPHONEOS_DEPLOYMENT_TARGET = 11.2;
				MTL_ENABLE_DEBUG_INFO = NO;
				SDKROOT = iphoneos;
				VALIDATE_PRODUCT = YES;
			};
			name = Release;
		};
		81CDA2E220149CB7002A6E88 /* Debug */ = {
			isa = XCBuildConfiguration;
			baseConfigurationReference = EC8BF398414DF22E9C34D2E2 /* Pods-TableView.debug.xcconfig */;
			buildSettings = {
				ASSETCATALOG_COMPILER_APPICON_NAME = AppIcon;
				"CODE_SIGN_IDENTITY[sdk=iphoneos*]" = "iPhone Distribution: Beijing Soyoung Qingyang Medical Instrument Co., Limited (SXHK8ES9Y5)";
				CODE_SIGN_STYLE = Manual;
				DEVELOPMENT_TEAM = SXHK8ES9Y5;
				INFOPLIST_FILE = TableView/Info.plist;
				IPHONEOS_DEPLOYMENT_TARGET = 10.0;
				LD_RUNPATH_SEARCH_PATHS = "$(inherited) @executable_path/Frameworks";
				PRODUCT_BUNDLE_IDENTIFIER = com.soyoung.qingyang.medical;
				PRODUCT_NAME = "$(TARGET_NAME)";
				PROVISIONING_PROFILE = "422ac1f6-b346-4a81-9a1b-700dcbdfb1d4";
				PROVISIONING_PROFILE_SPECIFIER = qingYangMedicalADHoc;
				TARGETED_DEVICE_FAMILY = "1,2";
			};
			name = Debug;
		};
		81CDA2E320149CB7002A6E88 /* Release */ = {
			isa = XCBuildConfiguration;
			baseConfigurationReference = ACAEF0BB7C4F2E58735B8A0E /* Pods-TableView.release.xcconfig */;
			buildSettings = {
				ASSETCATALOG_COMPILER_APPICON_NAME = AppIcon;
				CODE_SIGN_IDENTITY = "iPhone Distribution: Beijing Soyoung Qingyang Medical Instrument Co., Limited (SXHK8ES9Y5)";
				"CODE_SIGN_IDENTITY[sdk=iphoneos*]" = "iPhone Distribution: Beijing Soyoung Qingyang Medical Instrument Co., Limited (SXHK8ES9Y5)";
				CODE_SIGN_STYLE = Manual;
				DEVELOPMENT_TEAM = SXHK8ES9Y5;
				INFOPLIST_FILE = TableView/Info.plist;
				IPHONEOS_DEPLOYMENT_TARGET = 10.0;
				LD_RUNPATH_SEARCH_PATHS = "$(inherited) @executable_path/Frameworks";
				PRODUCT_BUNDLE_IDENTIFIER = com.soyoung.qingyang.medical;
				PRODUCT_NAME = "$(TARGET_NAME)";
				PROVISIONING_PROFILE = "422ac1f6-b346-4a81-9a1b-700dcbdfb1d4";
				PROVISIONING_PROFILE_SPECIFIER = qingYangMedicalADHoc;
				TARGETED_DEVICE_FAMILY = "1,2";
			};
			name = Release;
		};
		81CDA2E520149CB7002A6E88 /* Debug */ = {
			isa = XCBuildConfiguration;
			baseConfigurationReference = B49895BB177341F6DBD143C8 /* Pods-TableViewTests.debug.xcconfig */;
			buildSettings = {
				BUNDLE_LOADER = "$(TEST_HOST)";
				CODE_SIGN_STYLE = Automatic;
				INFOPLIST_FILE = TableViewTests/Info.plist;
				LD_RUNPATH_SEARCH_PATHS = "$(inherited) @executable_path/Frameworks @loader_path/Frameworks";
				PRODUCT_BUNDLE_IDENTIFIER = "com.soyoung.cn--.TableViewTests";
				PRODUCT_NAME = "$(TARGET_NAME)";
				TARGETED_DEVICE_FAMILY = "1,2";
				TEST_HOST = "$(BUILT_PRODUCTS_DIR)/TableView.app/TableView";
			};
			name = Debug;
		};
		81CDA2E620149CB7002A6E88 /* Release */ = {
			isa = XCBuildConfiguration;
			baseConfigurationReference = 2BA4240DEB8E76E86949EEF5 /* Pods-TableViewTests.release.xcconfig */;
			buildSettings = {
				BUNDLE_LOADER = "$(TEST_HOST)";
				CODE_SIGN_STYLE = Automatic;
				INFOPLIST_FILE = TableViewTests/Info.plist;
				LD_RUNPATH_SEARCH_PATHS = "$(inherited) @executable_path/Frameworks @loader_path/Frameworks";
				PRODUCT_BUNDLE_IDENTIFIER = "com.soyoung.cn--.TableViewTests";
				PRODUCT_NAME = "$(TARGET_NAME)";
				TARGETED_DEVICE_FAMILY = "1,2";
				TEST_HOST = "$(BUILT_PRODUCTS_DIR)/TableView.app/TableView";
			};
			name = Release;
		};
		81CDA2E820149CB7002A6E88 /* Debug */ = {
			isa = XCBuildConfiguration;
			baseConfigurationReference = A5C8BF6F0D403D1FC6DEECF8 /* Pods-TableViewUITests.debug.xcconfig */;
			buildSettings = {
				CODE_SIGN_STYLE = Automatic;
				INFOPLIST_FILE = TableViewUITests/Info.plist;
				LD_RUNPATH_SEARCH_PATHS = "$(inherited) @executable_path/Frameworks @loader_path/Frameworks";
				PRODUCT_BUNDLE_IDENTIFIER = "com.soyoung.cn--.TableViewUITests";
				PRODUCT_NAME = "$(TARGET_NAME)";
				TARGETED_DEVICE_FAMILY = "1,2";
				TEST_TARGET_NAME = TableView;
			};
			name = Debug;
		};
		81CDA2E920149CB7002A6E88 /* Release */ = {
			isa = XCBuildConfiguration;
			baseConfigurationReference = B934907A9C92264FE3B78DE3 /* Pods-TableViewUITests.release.xcconfig */;
			buildSettings = {
				CODE_SIGN_STYLE = Automatic;
				INFOPLIST_FILE = TableViewUITests/Info.plist;
				LD_RUNPATH_SEARCH_PATHS = "$(inherited) @executable_path/Frameworks @loader_path/Frameworks";
				PRODUCT_BUNDLE_IDENTIFIER = "com.soyoung.cn--.TableViewUITests";
				PRODUCT_NAME = "$(TARGET_NAME)";
				TARGETED_DEVICE_FAMILY = "1,2";
				TEST_TARGET_NAME = TableView;
			};
			name = Release;
		};
/* End XCBuildConfiguration section */

/* Begin XCConfigurationList section */
		81CDA2B020149CB7002A6E88 /* Build configuration list for PBXProject "TableView" */ = {
			isa = XCConfigurationList;
			buildConfigurations = (
				81CDA2DF20149CB7002A6E88 /* Debug */,
				81CDA2E020149CB7002A6E88 /* Release */,
			);
			defaultConfigurationIsVisible = 0;
			defaultConfigurationName = Release;
		};
		81CDA2E120149CB7002A6E88 /* Build configuration list for PBXNativeTarget "TableView" */ = {
			isa = XCConfigurationList;
			buildConfigurations = (
				81CDA2E220149CB7002A6E88 /* Debug */,
				81CDA2E320149CB7002A6E88 /* Release */,
			);
			defaultConfigurationIsVisible = 0;
			defaultConfigurationName = Release;
		};
		81CDA2E420149CB7002A6E88 /* Build configuration list for PBXNativeTarget "TableViewTests" */ = {
			isa = XCConfigurationList;
			buildConfigurations = (
				81CDA2E520149CB7002A6E88 /* Debug */,
				81CDA2E620149CB7002A6E88 /* Release */,
			);
			defaultConfigurationIsVisible = 0;
			defaultConfigurationName = Release;
		};
		81CDA2E720149CB7002A6E88 /* Build configuration list for PBXNativeTarget "TableViewUITests" */ = {
			isa = XCConfigurationList;
			buildConfigurations = (
				81CDA2E820149CB7002A6E88 /* Debug */,
				81CDA2E920149CB7002A6E88 /* Release */,
			);
			defaultConfigurationIsVisible = 0;
			defaultConfigurationName = Release;
		};
/* End XCConfigurationList section */
	};
	rootObject = 81CDA2AD20149CB7002A6E88 /* Project object */;
}
